
Microsoft Visual Studio Solution File, Format Version 12.00
# Visual Studio Version 17
VisualStudioVersion = 17.0.32014.148
MinimumVisualStudioVersion = 10.0.40219.1
Project("{9A19103F-16F7-4668-BE54-9A1E7A4F7556}") = "RaspberryPiWebServer", "RaspberryPiWebServer\RaspberryPiWebServer.csproj", "{850EBC7F-06BC-4A63-BA64-035D19A7B5B2}"
EndProject
Project("{2150E333-8FDC-42A3-9474-1A3956D46DE8}") = "DevExtreme NuGet.config", "DevExtreme NuGet.config", "{A95427E4-61F7-4D1F-9058-B5B531F8E093}"
	ProjectSection(SolutionItems) = preProject
		NuGet.config = NuGet.config
	EndProjectSection
EndProject
Global
	GlobalSection(SolutionConfigurationPlatforms) = preSolution
		Debug|Any CPU = Debug|Any CPU
		Release|Any CPU = Release|Any CPU
	EndGlobalSection
	GlobalSection(ProjectConfigurationPlatforms) = postSolution
		{850EBC7F-06BC-4A63-BA64-035D19A7B5B2}.Debug|Any CPU.ActiveCfg = Debug|Any CPU
		{850EBC7F-06BC-4A63-BA64-035D19A7B5B2}.Debug|Any CPU.Build.0 = Debug|Any CPU
		{850EBC7F-06BC-4A63-BA64-035D19A7B5B2}.Release|Any CPU.ActiveCfg = Release|Any CPU
		{850EBC7F-06BC-4A63-BA64-035D19A7B5B2}.Release|Any CPU.Build.0 = Release|Any CPU
	EndGlobalSection
	GlobalSection(SolutionProperties) = preSolution
		HideSolutionNode = FALSE
	EndGlobalSection
	GlobalSection(ExtensibilityGlobals) = postSolution
		SolutionGuid = {182CCE4F-D867-4EE5-963E-D230F6060E91}
	EndGlobalSection
EndGlobal
